// !$*UTF8*$!
{
	archiveVersion = 1;
	classes = {
	};
	objectVersion = 46;
	objects = {

/* Begin PBXBuildFile section */
		E7E61FA71D179B22002BAEAE /* main.m in Sources */ = {isa = PBXBuildFile; fileRef = E7E61FA61D179B22002BAEAE /* main.m */; };
		E7E61FAA1D179B22002BAEAE /* AppDelegate.m in Sources */ = {isa = PBXBuildFile; fileRef = E7E61FA91D179B22002BAEAE /* AppDelegate.m */; };
		E7E61FAD1D179B22002BAEAE /* ViewController.m in Sources */ = {isa = PBXBuildFile; fileRef = E7E61FAC1D179B22002BAEAE /* ViewController.m */; };
		E7E61FB01D179B22002BAEAE /* Main.storyboard in Resources */ = {isa = PBXBuildFile; fileRef = E7E61FAE1D179B22002BAEAE /* Main.storyboard */; };
		E7E61FB21D179B22002BAEAE /* Assets.xcassets in Resources */ = {isa = PBXBuildFile; fileRef = E7E61FB11D179B22002BAEAE /* Assets.xcassets */; };
		E7E61FB51D179B22002BAEAE /* LaunchScreen.storyboard in Resources */ = {isa = PBXBuildFile; fileRef = E7E61FB31D179B22002BAEAE /* LaunchScreen.storyboard */; };
		E7E61FC01D179B22002BAEAE /* BackBarButtonItemTests.m in Sources */ = {isa = PBXBuildFile; fileRef = E7E61FBF1D179B22002BAEAE /* BackBarButtonItemTests.m */; };
		E7E61FCB1D179B22002BAEAE /* BackBarButtonItemUITests.m in Sources */ = {isa = PBXBuildFile; fileRef = E7E61FCA1D179B22002BAEAE /* BackBarButtonItemUITests.m */; };
/* End PBXBuildFile section */

/* Begin PBXContainerItemProxy section */
		E7E61FBC1D179B22002BAEAE /* PBXContainerItemProxy */ = {
			isa = PBXContainerItemProxy;
			containerPortal = E7E61F9A1D179B22002BAEAE /* Project object */;
			proxyType = 1;
			remoteGlobalIDString = E7E61FA11D179B22002BAEAE;
			remoteInfo = BackBarButtonItem;
		};
		E7E61FC71D179B22002BAEAE /* PBXContainerItemProxy */ = {
			isa = PBXContainerItemProxy;
			containerPortal = E7E61F9A1D179B22002BAEAE /* Project object */;
			proxyType = 1;
			remoteGlobalIDString = E7E61FA11D179B22002BAEAE;
			remoteInfo = BackBarButtonItem;
		};
/* End PBXContainerItemProxy section */

/* Begin PBXFileReference section */
		E7E61FA21D179B22002BAEAE /* BackBarButtonItem.app */ = {isa = PBXFileReference; explicitFileType = wrapper.application; includeInIndex = 0; path = BackBarButtonItem.app; sourceTree = BUILT_PRODUCTS_DIR; };
		E7E61FA61D179B22002BAEAE /* main.m */ = {isa = PBXFileReference; lastKnownFileType = sourcecode.c.objc; path = main.m; sourceTree = "<group>"; };
		E7E61FA81D179B22002BAEAE /* AppDelegate.h */ = {isa = PBXFileReference; lastKnownFileType = sourcecode.c.h; path = AppDelegate.h; sourceTree = "<group>"; };
		E7E61FA91D179B22002BAEAE /* AppDelegate.m */ = {isa = PBXFileReference; lastKnownFileType = sourcecode.c.objc; path = AppDelegate.m; sourceTree = "<group>"; };
		E7E61FAB1D179B22002BAEAE /* ViewController.h */ = {isa = PBXFileReference; lastKnownFileType = sourcecode.c.h; path = ViewController.h; sourceTree = "<group>"; };
		E7E61FAC1D179B22002BAEAE /* ViewController.m */ = {isa = PBXFileReference; lastKnownFileType = sourcecode.c.objc; path = ViewController.m; sourceTree = "<group>"; };
		E7E61FAF1D179B22002BAEAE /* Base */ = {isa = PBXFileReference; lastKnownFileType = file.storyboard; name = Base; path = Base.lproj/Main.storyboard; sourceTree = "<group>"; };
		E7E61FB11D179B22002BAEAE /* Assets.xcassets */ = {isa = PBXFileReference; lastKnownFileType = folder.assetcatalog; path = Assets.xcassets; sourceTree = "<group>"; };
		E7E61FB41D179B22002BAEAE /* Base */ = {isa = PBXFileReference; lastKnownFileType = file.storyboard; name = Base; path = Base.lproj/LaunchScreen.storyboard; sourceTree = "<group>"; };
		E7E61FB61D179B22002BAEAE /* Info.plist */ = {isa = PBXFileReference; lastKnownFileType = text.plist.xml; path = Info.plist; sourceTree = "<group>"; };
		E7E61FBB1D179B22002BAEAE /* BackBarButtonItemTests.xctest */ = {isa = PBXFileReference; explicitFileType = wrapper.cfbundle; includeInIndex = 0; path = BackBarButtonItemTests.xctest; sourceTree = BUILT_PRODUCTS_DIR; };
		E7E61FBF1D179B22002BAEAE /* BackBarButtonItemTests.m */ = {isa = PBXFileReference; lastKnownFileType = sourcecode.c.objc; path = BackBarButtonItemTests.m; sourceTree = "<group>"; };
		E7E61FC11D179B22002BAEAE /* Info.plist */ = {isa = PBXFileReference; lastKnownFileType = text.plist.xml; path = Info.plist; sourceTree = "<group>"; };
		E7E61FC61D179B22002BAEAE /* BackBarButtonItemUITests.xctest */ = {isa = PBXFileReference; explicitFileType = wrapper.cfbundle; includeInIndex = 0; path = BackBarButtonItemUITests.xctest; sourceTree = BUILT_PRODUCTS_DIR; };
		E7E61FCA1D179B22002BAEAE /* BackBarButtonItemUITests.m */ = {isa = PBXFileReference; lastKnownFileType = sourcecode.c.objc; path = BackBarButtonItemUITests.m; sourceTree = "<group>"; };
		E7E61FCC1D179B22002BAEAE /* Info.plist */ = {isa = PBXFileReference; lastKnownFileType = text.plist.xml; path = Info.plist; sourceTree = "<group>"; };
/* End PBXFileReference section */

/* Begin PBXFrameworksBuildPhase section */
		E7E61F9F1D179B22002BAEAE /* Frameworks */ = {
			isa = PBXFrameworksBuildPhase;
			buildActionMask = 2147483647;
			files = (
			);
			runOnlyForDeploymentPostprocessing = 0;
		};
		E7E61FB81D179B22002BAEAE /* Frameworks */ = {
			isa = PBXFrameworksBuildPhase;
			buildActionMask = 2147483647;
			files = (
			);
			runOnlyForDeploymentPostprocessing = 0;
		};
		E7E61FC31D179B22002BAEAE /* Frameworks */ = {
			isa = PBXFrameworksBuildPhase;
			buildActionMask = 2147483647;
			files = (
			);
			runOnlyForDeploymentPostprocessing = 0;
		};
/* End PBXFrameworksBuildPhase section */

/* Begin PBXGroup section */
		E7E61F991D179B22002BAEAE = {
			isa = PBXGroup;
			children = (
				E7E61FA41D179B22002BAEAE /* BackBarButtonItem */,
				E7E61FBE1D179B22002BAEAE /* BackBarButtonItemTests */,
				E7E61FC91D179B22002BAEAE /* BackBarButtonItemUITests */,
				E7E61FA31D179B22002BAEAE /* Products */,
			);
			sourceTree = "<group>";
		};
		E7E61FA31D179B22002BAEAE /* Products */ = {
			isa = PBXGroup;
			children = (
				E7E61FA21D179B22002BAEAE /* BackBarButtonItem.app */,
				E7E61FBB1D179B22002BAEAE /* BackBarButtonItemTests.xctest */,
				E7E61FC61D179B22002BAEAE /* BackBarButtonItemUITests.xctest */,
			);
			name = Products;
			sourceTree = "<group>";
		};
		E7E61FA41D179B22002BAEAE /* BackBarButtonItem */ = {
			isa = PBXGroup;
			children = (
				E7E61FA81D179B22002BAEAE /* AppDelegate.h */,
				E7E61FA91D179B22002BAEAE /* AppDelegate.m */,
				E7E61FAB1D179B22002BAEAE /* ViewController.h */,
				E7E61FAC1D179B22002BAEAE /* ViewController.m */,
				E7E61FAE1D179B22002BAEAE /* Main.storyboard */,
				E7E61FB11D179B22002BAEAE /* Assets.xcassets */,
				E7E61FB31D179B22002BAEAE /* LaunchScreen.storyboard */,
				E7E61FB61D179B22002BAEAE /* Info.plist */,
				E7E61FA51D179B22002BAEAE /* Supporting Files */,
			);
			path = BackBarButtonItem;
			sourceTree = "<group>";
		};
		E7E61FA51D179B22002BAEAE /* Supporting Files */ = {
			isa = PBXGroup;
			children = (
				E7E61FA61D179B22002BAEAE /* main.m */,
			);
			name = "Supporting Files";
			sourceTree = "<group>";
		};
		E7E61FBE1D179B22002BAEAE /* BackBarButtonItemTests */ = {
			isa = PBXGroup;
			children = (
				E7E61FBF1D179B22002BAEAE /* BackBarButtonItemTests.m */,
				E7E61FC11D179B22002BAEAE /* Info.plist */,
			);
			path = BackBarButtonItemTests;
			sourceTree = "<group>";
		};
		E7E61FC91D179B22002BAEAE /* BackBarButtonItemUITests */ = {
			isa = PBXGroup;
			children = (
				E7E61FCA1D179B22002BAEAE /* BackBarButtonItemUITests.m */,
				E7E61FCC1D179B22002BAEAE /* Info.plist */,
			);
			path = BackBarButtonItemUITests;
			sourceTree = "<group>";
		};
/* End PBXGroup section */

/* Begin PBXNativeTarget section */
		E7E61FA11D179B22002BAEAE /* BackBarButtonItem */ = {
			isa = PBXNativeTarget;
			buildConfigurationList = E7E61FCF1D179B22002BAEAE /* Build configuration list for PBXNativeTarget "BackBarButtonItem" */;
			buildPhases = (
				E7E61F9E1D179B22002BAEAE /* Sources */,
				E7E61F9F1D179B22002BAEAE /* Frameworks */,
				E7E61FA01D179B22002BAEAE /* Resources */,
			);
			buildRules = (
			);
			dependencies = (
			);
			name = BackBarButtonItem;
			productName = BackBarButtonItem;
			productReference = E7E61FA21D179B22002BAEAE /* BackBarButtonItem.app */;
			productType = "com.apple.product-type.application";
		};
		E7E61FBA1D179B22002BAEAE /* BackBarButtonItemTests */ = {
			isa = PBXNativeTarget;
			buildConfigurationList = E7E61FD21D179B22002BAEAE /* Build configuration list for PBXNativeTarget "BackBarButtonItemTests" */;
			buildPhases = (
				E7E61FB71D179B22002BAEAE /* Sources */,
				E7E61FB81D179B22002BAEAE /* Frameworks */,
				E7E61FB91D179B22002BAEAE /* Resources */,
			);
			buildRules = (
			);
			dependencies = (
				E7E61FBD1D179B22002BAEAE /* PBXTargetDependency */,
			);
			name = BackBarButtonItemTests;
			productName = BackBarButtonItemTests;
			productReference = E7E61FBB1D179B22002BAEAE /* BackBarButtonItemTests.xctest */;
			productType = "com.apple.product-type.bundle.unit-test";
		};
		E7E61FC51D179B22002BAEAE /* BackBarButtonItemUITests */ = {
			isa = PBXNativeTarget;
			buildConfigurationList = E7E61FD51D179B22002BAEAE /* Build configuration list for PBXNativeTarget "BackBarButtonItemUITests" */;
			buildPhases = (
				E7E61FC21D179B22002BAEAE /* Sources */,
				E7E61FC31D179B22002BAEAE /* Frameworks */,
				E7E61FC41D179B22002BAEAE /* Resources */,
			);
			buildRules = (
			);
			dependencies = (
				E7E61FC81D179B22002BAEAE /* PBXTargetDependency */,
			);
			name = BackBarButtonItemUITests;
			productName = BackBarButtonItemUITests;
			productReference = E7E61FC61D179B22002BAEAE /* BackBarButtonItemUITests.xctest */;
			productType = "com.apple.product-type.bundle.ui-testing";
		};
/* End PBXNativeTarget section */

/* Begin PBXProject section */
		E7E61F9A1D179B22002BAEAE /* Project object */ = {
			isa = PBXProject;
			attributes = {
				LastUpgradeCheck = 0730;
				ORGANIZATIONNAME = zyfoolboy;
				TargetAttributes = {
					E7E61FA11D179B22002BAEAE = {
						CreatedOnToolsVersion = 7.3.1;
					};
					E7E61FBA1D179B22002BAEAE = {
						CreatedOnToolsVersion = 7.3.1;
						TestTargetID = E7E61FA11D179B22002BAEAE;
					};
					E7E61FC51D179B22002BAEAE = {
						CreatedOnToolsVersion = 7.3.1;
						TestTargetID = E7E61FA11D179B22002BAEAE;
					};
				};
			};
			buildConfigurationList = E7E61F9D1D179B22002BAEAE /* Build configuration list for PBXProject "BackBarButtonItem" */;
			compatibilityVersion = "Xcode 3.2";
			developmentRegion = English;
			hasScannedForEncodings = 0;
			knownRegions = (
				en,
				Base,
			);
			mainGroup = E7E61F991D179B22002BAEAE;
			productRefGroup = E7E61FA31D179B22002BAEAE /* Products */;
			projectDirPath = "";
			projectRoot = "";
			targets = (
				E7E61FA11D179B22002BAEAE /* BackBarButtonItem */,
				E7E61FBA1D179B22002BAEAE /* BackBarButtonItemTests */,
				E7E61FC51D179B22002BAEAE /* BackBarButtonItemUITests */,
			);
		};
/* End PBXProject section */

/* Begin PBXResourcesBuildPhase section */
		E7E61FA01D179B22002BAEAE /* Resources */ = {
			isa = PBXResourcesBuildPhase;
			buildActionMask = 2147483647;
			files = (
				E7E61FB51D179B22002BAEAE /* LaunchScreen.storyboard in Resources */,
				E7E61FB21D179B22002BAEAE /* Assets.xcassets in Resources */,
				E7E61FB01D179B22002BAEAE /* Main.storyboard in Resources */,
			);
			runOnlyForDeploymentPostprocessing = 0;
		};
		E7E61FB91D179B22002BAEAE /* Resources */ = {
			isa = PBXResourcesBuildPhase;
			buildActionMask = 2147483647;
			files = (
			);
			runOnlyForDeploymentPostprocessing = 0;
		};
		E7E61FC41D179B22002BAEAE /* Resources */ = {
			isa = PBXResourcesBuildPhase;
			buildActionMask = 2147483647;
			files = (
			);
			runOnlyForDeploymentPostprocessing = 0;
		};
/* End PBXResourcesBuildPhase section */

/* Begin PBXSourcesBuildPhase section */
		E7E61F9E1D179B22002BAEAE /* Sources */ = {
			isa = PBXSourcesBuildPhase;
			buildActionMask = 2147483647;
			files = (
				E7E61FAD1D179B22002BAEAE /* ViewController.m in Sources */,
				E7E61FAA1D179B22002BAEAE /* AppDelegate.m in Sources */,
				E7E61FA71D179B22002BAEAE /* main.m in Sources */,
			);
			runOnlyForDeploymentPostprocessing = 0;
		};
		E7E61FB71D179B22002BAEAE /* Sources */ = {
			isa = PBXSourcesBuildPhase;
			buildActionMask = 2147483647;
			files = (
				E7E61FC01D179B22002BAEAE /* BackBarButtonItemTests.m in Sources */,
			);
			runOnlyForDeploymentPostprocessing = 0;
		};
		E7E61FC21D179B22002BAEAE /* Sources */ = {
			isa = PBXSourcesBuildPhase;
			buildActionMask = 2147483647;
			files = (
				E7E61FCB1D179B22002BAEAE /* BackBarButtonItemUITests.m in Sources */,
			);
			runOnlyForDeploymentPostprocessing = 0;
		};
/* End PBXSourcesBuildPhase section */

/* Begin PBXTargetDependency section */
		E7E61FBD1D179B22002BAEAE /* PBXTargetDependency */ = {
			isa = PBXTargetDependency;
			target = E7E61FA11D179B22002BAEAE /* BackBarButtonItem */;
			targetProxy = E7E61FBC1D179B22002BAEAE /* PBXContainerItemProxy */;
		};
		E7E61FC81D179B22002BAEAE /* PBXTargetDependency */ = {
			isa = PBXTargetDependency;
			target = E7E61FA11D179B22002BAEAE /* BackBarButtonItem */;
			targetProxy = E7E61FC71D179B22002BAEAE /* PBXContainerItemProxy */;
		};
/* End PBXTargetDependency section */

/* Begin PBXVariantGroup section */
		E7E61FAE1D179B22002BAEAE /* Main.storyboard */ = {
			isa = PBXVariantGroup;
			children = (
				E7E61FAF1D179B22002BAEAE /* Base */,
			);
			name = Main.storyboard;
			sourceTree = "<group>";
		};
		E7E61FB31D179B22002BAEAE /* LaunchScreen.storyboard */ = {
			isa = PBXVariantGroup;
			children = (
				E7E61FB41D179B22002BAEAE /* Base */,
			);
			name = LaunchScreen.storyboard;
			sourceTree = "<group>";
		};
/* End PBXVariantGroup section */

/* Begin XCBuildConfiguration section */
		E7E61FCD1D179B22002BAEAE /* Debug */ = {
			isa = XCBuildConfiguration;
			buildSettings = {
				ALWAYS_SEARCH_USER_PATHS = NO;
				CLANG_ANALYZER_NONNULL = YES;
				CLANG_CXX_LANGUAGE_STANDARD = "gnu++0x";
				CLANG_CXX_LIBRARY = "libc++";
				CLANG_ENABLE_MODULES = YES;
				CLANG_ENABLE_OBJC_ARC = YES;
				CLANG_WARN_BOOL_CONVERSION = YES;
				CLANG_WARN_CONSTANT_CONVERSION = YES;
				CLANG_WARN_DIRECT_OBJC_ISA_USAGE = YES_ERROR;
				CLANG_WARN_EMPTY_BODY = YES;
				CLANG_WARN_ENUM_CONVERSION = YES;
				CLANG_WARN_INT_CONVERSION = YES;
				CLANG_WARN_OBJC_ROOT_CLASS = YES_ERROR;
				CLANG_WARN_UNREACHABLE_CODE = YES;
				CLANG_WARN__DUPLICATE_METHOD_MATCH = YES;
				"CODE_SIGN_IDENTITY[sdk=iphoneos*]" = "iPhone Developer";
				COPY_PHASE_STRIP = NO;
				DEBUG_INFORMATION_FORMAT = dwarf;
				ENABLE_STRICT_OBJC_MSGSEND = YES;
				ENABLE_TESTABILITY = YES;
				GCC_C_LANGUAGE_STANDARD = gnu99;
				GCC_DYNAMIC_NO_PIC = NO;
				GCC_NO_COMMON_BLOCKS = YES;
				GCC_OPTIMIZATION_LEVEL = 0;
				GCC_PREPROCESSOR_DEFINITIONS = (
					"DEBUG=1",
					"$(inherited)",
				);
				GCC_WARN_64_TO_32_BIT_CONVERSION = YES;
				GCC_WARN_ABOUT_RETURN_TYPE = YES_ERROR;
				GCC_WARN_UNDECLARED_SELECTOR = YES;
				GCC_WARN_UNINITIALIZED_AUTOS = YES_AGGRESSIVE;
				GCC_WARN_UNUSED_FUNCTION = YES;
				GCC_WARN_UNUSED_VARIABLE = YES;
				IPHONEOS_DEPLOYMENT_TARGET = 9.3;
				MTL_ENABLE_DEBUG_INFO = YES;
				ONLY_ACTIVE_ARCH = YES;
				SDKROOT = iphoneos;
				TARGETED_DEVICE_FAMILY = "1,2";
			};
			name = Debug;
		};
		E7E61FCE1D179B22002BAEAE /* Release */ = {
			isa = XCBuildConfiguration;
			buildSettings = {
				ALWAYS_SEARCH_USER_PATHS = NO;
				CLANG_ANALYZER_NONNULL = YES;
				CLANG_CXX_LANGUAGE_STANDARD = "gnu++0x";
				CLANG_CXX_LIBRARY = "libc++";
				CLANG_ENABLE_MODULES = YES;
				CLANG_ENABLE_OBJC_ARC = YES;
				CLANG_WARN_BOOL_CONVERSION = YES;
				CLANG_WARN_CONSTANT_CONVERSION = YES;
				CLANG_WARN_DIRECT_OBJC_ISA_USAGE = YES_ERROR;
				CLANG_WARN_EMPTY_BODY = YES;
				CLANG_WARN_ENUM_CONVERSION = YES;
				CLANG_WARN_INT_CONVERSION = YES;
				CLANG_WARN_OBJC_ROOT_CLASS = YES_ERROR;
				CLANG_WARN_UNREACHABLE_CODE = YES;
				CLANG_WARN__DUPLICATE_METHOD_MATCH = YES;
				"CODE_SIGN_IDENTITY[sdk=iphoneos*]" = "iPhone Developer";
				COPY_PHASE_STRIP = NO;
				DEBUG_INFORMATION_FORMAT = "dwarf-with-dsym";
				ENABLE_NS_ASSERTIONS = NO;
				ENABLE_STRICT_OBJC_MSGSEND = YES;
				GCC_C_LANGUAGE_STANDARD = gnu99;
				GCC_NO_COMMON_BLOCKS = YES;
				GCC_WARN_64_TO_32_BIT_CONVERSION = YES;
				GCC_WARN_ABOUT_RETURN_TYPE = YES_ERROR;
				GCC_WARN_UNDECLARED_SELECTOR = YES;
				GCC_WARN_UNINITIALIZED_AUTOS = YES_AGGRESSIVE;
				GCC_WARN_UNUSED_FUNCTION = YES;
				GCC_WARN_UNUSED_VARIABLE = YES;
				IPHONEOS_DEPLOYMENT_TARGET = 9.3;
				MTL_ENABLE_DEBUG_INFO = NO;
				SDKROOT = iphoneos;
				TARGETED_DEVICE_FAMILY = "1,2";
				VALIDATE_PRODUCT = YES;
			};
			name = Release;
		};
		E7E61FD01D179B22002BAEAE /* Debug */ = {
			isa = XCBuildConfiguration;
			buildSettings = {
				ASSETCATALOG_COMPILER_APPICON_NAME = AppIcon;
				INFOPLIST_FILE = BackBarButtonItem/Info.plist;
				LD_RUNPATH_SEARCH_PATHS = "$(inherited) @executable_path/Frameworks";
				PRODUCT_BUNDLE_IDENTIFIER = zyfoolboy.BackBarButtonItem;
				PRODUCT_NAME = "$(TARGET_NAME)";
			};
			name = Debug;
		};
		E7E61FD11D179B22002BAEAE /* Release */ = {
			isa = XCBuildConfiguration;
			buildSettings = {
				ASSETCATALOG_COMPILER_APPICON_NAME = AppIcon;
				INFOPLIST_FILE = BackBarButtonItem/Info.plist;
				LD_RUNPATH_SEARCH_PATHS = "$(inherited) @executable_path/Frameworks";
				PRODUCT_BUNDLE_IDENTIFIER = zyfoolboy.BackBarButtonItem;
				PRODUCT_NAME = "$(TARGET_NAME)";
			};
			name = Release;
		};
		E7E61FD31D179B22002BAEAE /* Debug */ = {
			isa = XCBuildConfiguration;
			buildSettings = {
				BUNDLE_LOADER = "$(TEST_HOST)";
				INFOPLIST_FILE = BackBarButtonItemTests/Info.plist;
				LD_RUNPATH_SEARCH_PATHS = "$(inherited) @executable_path/Frameworks @loader_path/Frameworks";
				PRODUCT_BUNDLE_IDENTIFIER = zyfoolboy.BackBarButtonItemTests;
				PRODUCT_NAME = "$(TARGET_NAME)";
				TEST_HOST = "$(BUILT_PRODUCTS_DIR)/BackBarButtonItem.app/BackBarButtonItem";
			};
			name = Debug;
		};
		E7E61FD41D179B22002BAEAE /* Release */ = {
			isa = XCBuildConfiguration;
			buildSettings = {
				BUNDLE_LOADER = "$(TEST_HOST)";
				INFOPLIST_FILE = BackBarButtonItemTests/Info.plist;
				LD_RUNPATH_SEARCH_PATHS = "$(inherited) @executable_path/Frameworks @loader_path/Frameworks";
				PRODUCT_BUNDLE_IDENTIFIER = zyfoolboy.BackBarButtonItemTests;
				PRODUCT_NAME = "$(TARGET_NAME)";
				TEST_HOST = "$(BUILT_PRODUCTS_DIR)/BackBarButtonItem.app/BackBarButtonItem";
			};
			name = Release;
		};
		E7E61FD61D179B22002BAEAE /* Debug */ = {
			isa = XCBuildConfiguration;
			buildSettings = {
				INFOPLIST_FILE = BackBarButtonItemUITests/Info.plist;
				LD_RUNPATH_SEARCH_PATHS = "$(inherited) @executable_path/Frameworks @loader_path/Frameworks";
				PRODUCT_BUNDLE_IDENTIFIER = zyfoolboy.BackBarButtonItemUITests;
				PRODUCT_NAME = "$(TARGET_NAME)";
				TEST_TARGET_NAME = BackBarButtonItem;
			};
			name = Debug;
		};
		E7E61FD71D179B22002BAEAE /* Release */ = {
			isa = XCBuildConfiguration;
			buildSettings = {
				INFOPLIST_FILE = BackBarButtonItemUITests/Info.plist;
				LD_RUNPATH_SEARCH_PATHS = "$(inherited) @executable_path/Frameworks @loader_path/Frameworks";
				PRODUCT_BUNDLE_IDENTIFIER = zyfoolboy.BackBarButtonItemUITests;
				PRODUCT_NAME = "$(TARGET_NAME)";
				TEST_TARGET_NAME = BackBarButtonItem;
			};
			name = Release;
		};
/* End XCBuildConfiguration section */

/* Begin XCConfigurationList section */
		E7E61F9D1D179B22002BAEAE /* Build configuration list for PBXProject "BackBarButtonItem" */ = {
			isa = XCConfigurationList;
			buildConfigurations = (
				E7E61FCD1D179B22002BAEAE /* Debug */,
				E7E61FCE1D179B22002BAEAE /* Release */,
			);
			defaultConfigurationIsVisible = 0;
			defaultConfigurationName = Release;
		};
		E7E61FCF1D179B22002BAEAE /* Build configuration list for PBXNativeTarget "BackBarButtonItem" */ = {
			isa = XCConfigurationList;
			buildConfigurations = (
				E7E61FD01D179B22002BAEAE /* Debug */,
				E7E61FD11D179B22002BAEAE /* Release */,
			);
			defaultConfigurationIsVisible = 0;
		};
		E7E61FD21D179B22002BAEAE /* Build configuration list for PBXNativeTarget "BackBarButtonItemTests" */ = {
			isa = XCConfigurationList;
			buildConfigurations = (
				E7E61FD31D179B22002BAEAE /* Debug */,
				E7E61FD41D179B22002BAEAE /* Release */,
			);
			defaultConfigurationIsVisible = 0;
		};
		E7E61FD51D179B22002BAEAE /* Build configuration list for PBXNativeTarget "BackBarButtonItemUITests" */ = {
			isa = XCConfigurationList;
			buildConfigurations = (
				E7E61FD61D179B22002BAEAE /* Debug */,
				E7E61FD71D179B22002BAEAE /* Release */,
			);
			defaultConfigurationIsVisible = 0;
		};
/* End XCConfigurationList section */
	};
	rootObject = E7E61F9A1D179B22002BAEAE /* Project object */;
}
